
Microsoft Visual Studio Solution File, Format Version 12.00
# Visual Studio 15
VisualStudioVersion = 15.0.27004.2009
MinimumVisualStudioVersion = 10.0.40219.1
Project("{FAE04EC0-301F-11D3-BF4B-00C04F79EFBC}") = "PageObjectTests", "ClassLibrary3\PageObjectTests.csproj", "{9E329226-571B-4670-95E2-632CE376E838}"
EndProject
Global
	GlobalSection(SolutionConfigurationPlatforms) = preSolution
		Debug|Any CPU = Debug|Any CPU
		Release|Any CPU = Release|Any CPU
	EndGlobalSection
	GlobalSection(ProjectConfigurationPlatforms) = postSolution
		{9E329226-571B-4670-95E2-632CE376E838}.Debug|Any CPU.ActiveCfg = Debug|Any CPU
		{9E329226-571B-4670-95E2-632CE376E838}.Debug|Any CPU.Build.0 = Debug|Any CPU
		{9E329226-571B-4670-95E2-632CE376E838}.Release|Any CPU.ActiveCfg = Release|Any CPU
		{9E329226-571B-4670-95E2-632CE376E838}.Release|Any CPU.Build.0 = Release|Any CPU
	EndGlobalSection
	GlobalSection(SolutionProperties) = preSolution
		HideSolutionNode = FALSE
	EndGlobalSection
	GlobalSection(ExtensibilityGlobals) = postSolution
		SolutionGuid = {1F449F1B-13D1-44D9-B037-0A09154BCA52}
	EndGlobalSection
EndGlobal
