
Microsoft Visual Studio Solution File, Format Version 12.00
# Visual Studio 15
VisualStudioVersion = 15.0.27004.2010
MinimumVisualStudioVersion = 10.0.40219.1
Project("{FAE04EC0-301F-11D3-BF4B-00C04F79EFBC}") = "AddCommToAdm", "AddCommToAdm\AddCommToAdm.csproj", "{EE5DB693-7E0E-4492-9361-F3A9A5D2E3D4}"
EndProject
Global
	GlobalSection(SolutionConfigurationPlatforms) = preSolution
		Debug|Any CPU = Debug|Any CPU
		Release|Any CPU = Release|Any CPU
	EndGlobalSection
	GlobalSection(ProjectConfigurationPlatforms) = postSolution
		{EE5DB693-7E0E-4492-9361-F3A9A5D2E3D4}.Debug|Any CPU.ActiveCfg = Debug|Any CPU
		{EE5DB693-7E0E-4492-9361-F3A9A5D2E3D4}.Debug|Any CPU.Build.0 = Debug|Any CPU
		{EE5DB693-7E0E-4492-9361-F3A9A5D2E3D4}.Release|Any CPU.ActiveCfg = Release|Any CPU
		{EE5DB693-7E0E-4492-9361-F3A9A5D2E3D4}.Release|Any CPU.Build.0 = Release|Any CPU
	EndGlobalSection
	GlobalSection(SolutionProperties) = preSolution
		HideSolutionNode = FALSE
	EndGlobalSection
	GlobalSection(ExtensibilityGlobals) = postSolution
		SolutionGuid = {E13C30B0-40EB-4059-8CB4-62B56EFF9032}
	EndGlobalSection
EndGlobal
